
Microsoft Visual Studio Solution File, Format Version 12.00
# Visual Studio 15
VisualStudioVersion = 15.0.26124.0
MinimumVisualStudioVersion = 15.0.26124.0
Project("{9A19103F-16F7-4668-BE54-9A1E7A4F7556}") = "FlandersOpen.Web", "FlandersOpen.Web\FlandersOpen.Web.csproj", "{A110CE11-9465-446D-8F25-06BF96436138}"
EndProject
Project("{9A19103F-16F7-4668-BE54-9A1E7A4F7556}") = "FlandersOpen.Domain", "FlandersOpen.Domain\FlandersOpen.Domain.csproj", "{9B45A6CC-8064-49EA-AF36-6E77E2A895C1}"
EndProject
Project("{9A19103F-16F7-4668-BE54-9A1E7A4F7556}") = "FlandersOpen.Infrastructure", "FlandersOpen.Infrastructure\FlandersOpen.Infrastructure.csproj", "{5AABA705-6BDB-41CA-8E93-76A0DF9A770B}"
EndProject
Project("{2150E333-8FDC-42A3-9474-1A3956D46DE8}") = "Application", "Application", "{F14AD52F-7B88-4398-B1E0-7CC88F5E8CBA}"
EndProject
Project("{2150E333-8FDC-42A3-9474-1A3956D46DE8}") = "Domain", "Domain", "{F463F9C3-6F69-45F7-8513-4997705FC40F}"
EndProject
Project("{2150E333-8FDC-42A3-9474-1A3956D46DE8}") = "Infrastructure", "Infrastructure", "{1D4647D3-0B50-4EE9-9E45-6FB1B9953809}"
EndProject
Project("{9A19103F-16F7-4668-BE54-9A1E7A4F7556}") = "FlandersOpen.Read", "FlandersOpen.Read\FlandersOpen.Read.csproj", "{FB16039E-E5AF-492F-9E12-5B8300363E66}"
EndProject
Project("{9A19103F-16F7-4668-BE54-9A1E7A4F7556}") = "FlandersOpen.Application", "FlandersOpen.Application\FlandersOpen.Application.csproj", "{1C85596E-0F49-4624-9DFF-BB548F5A4923}"
EndProject
Project("{9A19103F-16F7-4668-BE54-9A1E7A4F7556}") = "FlandersOpen.Persistence", "FlandersOpen.Persistence\FlandersOpen.Persistence.csproj", "{5A4521D3-9D0D-4BF2-A6AF-616FA1815137}"
EndProject
Project("{2150E333-8FDC-42A3-9474-1A3956D46DE8}") = "Persistence", "Persistence", "{8C91476F-ED01-480A-8EB7-C584B26D227E}"
EndProject
Project("{2150E333-8FDC-42A3-9474-1A3956D46DE8}") = "Presentation", "Presentation", "{5EF5784A-117E-40A3-B06F-1B86356DA065}"
EndProject
Project("{FAE04EC0-301F-11D3-BF4B-00C04F79EFBC}") = "FlandersOpen.Domain.Test", "FlandersOpen.Domain.Test\FlandersOpen.Domain.Test.csproj", "{3719910A-DF09-4BCF-81CE-9D5AAE996FDB}"
EndProject
Global
	GlobalSection(SolutionConfigurationPlatforms) = preSolution
		Debug|Any CPU = Debug|Any CPU
		Debug|x64 = Debug|x64
		Debug|x86 = Debug|x86
		Release|Any CPU = Release|Any CPU
		Release|x64 = Release|x64
		Release|x86 = Release|x86
	EndGlobalSection
	GlobalSection(ProjectConfigurationPlatforms) = postSolution
		{A110CE11-9465-446D-8F25-06BF96436138}.Debug|Any CPU.ActiveCfg = Debug|Any CPU
		{A110CE11-9465-446D-8F25-06BF96436138}.Debug|Any CPU.Build.0 = Debug|Any CPU
		{A110CE11-9465-446D-8F25-06BF96436138}.Debug|x64.ActiveCfg = Debug|Any CPU
		{A110CE11-9465-446D-8F25-06BF96436138}.Debug|x64.Build.0 = Debug|Any CPU
		{A110CE11-9465-446D-8F25-06BF96436138}.Debug|x86.ActiveCfg = Debug|Any CPU
		{A110CE11-9465-446D-8F25-06BF96436138}.Debug|x86.Build.0 = Debug|Any CPU
		{A110CE11-9465-446D-8F25-06BF96436138}.Release|Any CPU.ActiveCfg = Release|Any CPU
		{A110CE11-9465-446D-8F25-06BF96436138}.Release|Any CPU.Build.0 = Release|Any CPU
		{A110CE11-9465-446D-8F25-06BF96436138}.Release|x64.ActiveCfg = Release|Any CPU
		{A110CE11-9465-446D-8F25-06BF96436138}.Release|x64.Build.0 = Release|Any CPU
		{A110CE11-9465-446D-8F25-06BF96436138}.Release|x86.ActiveCfg = Release|Any CPU
		{A110CE11-9465-446D-8F25-06BF96436138}.Release|x86.Build.0 = Release|Any CPU
		{9B45A6CC-8064-49EA-AF36-6E77E2A895C1}.Debug|Any CPU.ActiveCfg = Debug|Any CPU
		{9B45A6CC-8064-49EA-AF36-6E77E2A895C1}.Debug|Any CPU.Build.0 = Debug|Any CPU
		{9B45A6CC-8064-49EA-AF36-6E77E2A895C1}.Debug|x64.ActiveCfg = Debug|Any CPU
		{9B45A6CC-8064-49EA-AF36-6E77E2A895C1}.Debug|x64.Build.0 = Debug|Any CPU
		{9B45A6CC-8064-49EA-AF36-6E77E2A895C1}.Debug|x86.ActiveCfg = Debug|Any CPU
		{9B45A6CC-8064-49EA-AF36-6E77E2A895C1}.Debug|x86.Build.0 = Debug|Any CPU
		{9B45A6CC-8064-49EA-AF36-6E77E2A895C1}.Release|Any CPU.ActiveCfg = Release|Any CPU
		{9B45A6CC-8064-49EA-AF36-6E77E2A895C1}.Release|Any CPU.Build.0 = Release|Any CPU
		{9B45A6CC-8064-49EA-AF36-6E77E2A895C1}.Release|x64.ActiveCfg = Release|Any CPU
		{9B45A6CC-8064-49EA-AF36-6E77E2A895C1}.Release|x64.Build.0 = Release|Any CPU
		{9B45A6CC-8064-49EA-AF36-6E77E2A895C1}.Release|x86.ActiveCfg = Release|Any CPU
		{9B45A6CC-8064-49EA-AF36-6E77E2A895C1}.Release|x86.Build.0 = Release|Any CPU
		{5AABA705-6BDB-41CA-8E93-76A0DF9A770B}.Debug|Any CPU.ActiveCfg = Debug|Any CPU
		{5AABA705-6BDB-41CA-8E93-76A0DF9A770B}.Debug|Any CPU.Build.0 = Debug|Any CPU
		{5AABA705-6BDB-41CA-8E93-76A0DF9A770B}.Debug|x64.ActiveCfg = Debug|Any CPU
		{5AABA705-6BDB-41CA-8E93-76A0DF9A770B}.Debug|x64.Build.0 = Debug|Any CPU
		{5AABA705-6BDB-41CA-8E93-76A0DF9A770B}.Debug|x86.ActiveCfg = Debug|Any CPU
		{5AABA705-6BDB-41CA-8E93-76A0DF9A770B}.Debug|x86.Build.0 = Debug|Any CPU
		{5AABA705-6BDB-41CA-8E93-76A0DF9A770B}.Release|Any CPU.ActiveCfg = Release|Any CPU
		{5AABA705-6BDB-41CA-8E93-76A0DF9A770B}.Release|Any CPU.Build.0 = Release|Any CPU
		{5AABA705-6BDB-41CA-8E93-76A0DF9A770B}.Release|x64.ActiveCfg = Release|Any CPU
		{5AABA705-6BDB-41CA-8E93-76A0DF9A770B}.Release|x64.Build.0 = Release|Any CPU
		{5AABA705-6BDB-41CA-8E93-76A0DF9A770B}.Release|x86.ActiveCfg = Release|Any CPU
		{5AABA705-6BDB-41CA-8E93-76A0DF9A770B}.Release|x86.Build.0 = Release|Any CPU
		{FB16039E-E5AF-492F-9E12-5B8300363E66}.Debug|Any CPU.ActiveCfg = Debug|Any CPU
		{FB16039E-E5AF-492F-9E12-5B8300363E66}.Debug|Any CPU.Build.0 = Debug|Any CPU
		{FB16039E-E5AF-492F-9E12-5B8300363E66}.Debug|x64.ActiveCfg = Debug|Any CPU
		{FB16039E-E5AF-492F-9E12-5B8300363E66}.Debug|x64.Build.0 = Debug|Any CPU
		{FB16039E-E5AF-492F-9E12-5B8300363E66}.Debug|x86.ActiveCfg = Debug|Any CPU
		{FB16039E-E5AF-492F-9E12-5B8300363E66}.Debug|x86.Build.0 = Debug|Any CPU
		{FB16039E-E5AF-492F-9E12-5B8300363E66}.Release|Any CPU.ActiveCfg = Release|Any CPU
		{FB16039E-E5AF-492F-9E12-5B8300363E66}.Release|Any CPU.Build.0 = Release|Any CPU
		{FB16039E-E5AF-492F-9E12-5B8300363E66}.Release|x64.ActiveCfg = Release|Any CPU
		{FB16039E-E5AF-492F-9E12-5B8300363E66}.Release|x64.Build.0 = Release|Any CPU
		{FB16039E-E5AF-492F-9E12-5B8300363E66}.Release|x86.ActiveCfg = Release|Any CPU
		{FB16039E-E5AF-492F-9E12-5B8300363E66}.Release|x86.Build.0 = Release|Any CPU
		{1C85596E-0F49-4624-9DFF-BB548F5A4923}.Debug|Any CPU.ActiveCfg = Debug|Any CPU
		{1C85596E-0F49-4624-9DFF-BB548F5A4923}.Debug|Any CPU.Build.0 = Debug|Any CPU
		{1C85596E-0F49-4624-9DFF-BB548F5A4923}.Debug|x64.ActiveCfg = Debug|Any CPU
		{1C85596E-0F49-4624-9DFF-BB548F5A4923}.Debug|x64.Build.0 = Debug|Any CPU
		{1C85596E-0F49-4624-9DFF-BB548F5A4923}.Debug|x86.ActiveCfg = Debug|Any CPU
		{1C85596E-0F49-4624-9DFF-BB548F5A4923}.Debug|x86.Build.0 = Debug|Any CPU
		{1C85596E-0F49-4624-9DFF-BB548F5A4923}.Release|Any CPU.ActiveCfg = Release|Any CPU
		{1C85596E-0F49-4624-9DFF-BB548F5A4923}.Release|Any CPU.Build.0 = Release|Any CPU
		{1C85596E-0F49-4624-9DFF-BB548F5A4923}.Release|x64.ActiveCfg = Release|Any CPU
		{1C85596E-0F49-4624-9DFF-BB548F5A4923}.Release|x64.Build.0 = Release|Any CPU
		{1C85596E-0F49-4624-9DFF-BB548F5A4923}.Release|x86.ActiveCfg = Release|Any CPU
		{1C85596E-0F49-4624-9DFF-BB548F5A4923}.Release|x86.Build.0 = Release|Any CPU
		{5A4521D3-9D0D-4BF2-A6AF-616FA1815137}.Debug|Any CPU.ActiveCfg = Debug|Any CPU
		{5A4521D3-9D0D-4BF2-A6AF-616FA1815137}.Debug|Any CPU.Build.0 = Debug|Any CPU
		{5A4521D3-9D0D-4BF2-A6AF-616FA1815137}.Debug|x64.ActiveCfg = Debug|Any CPU
		{5A4521D3-9D0D-4BF2-A6AF-616FA1815137}.Debug|x64.Build.0 = Debug|Any CPU
		{5A4521D3-9D0D-4BF2-A6AF-616FA1815137}.Debug|x86.ActiveCfg = Debug|Any CPU
		{5A4521D3-9D0D-4BF2-A6AF-616FA1815137}.Debug|x86.Build.0 = Debug|Any CPU
		{5A4521D3-9D0D-4BF2-A6AF-616FA1815137}.Release|Any CPU.ActiveCfg = Release|Any CPU
		{5A4521D3-9D0D-4BF2-A6AF-616FA1815137}.Release|Any CPU.Build.0 = Release|Any CPU
		{5A4521D3-9D0D-4BF2-A6AF-616FA1815137}.Release|x64.ActiveCfg = Release|Any CPU
		{5A4521D3-9D0D-4BF2-A6AF-616FA1815137}.Release|x64.Build.0 = Release|Any CPU
		{5A4521D3-9D0D-4BF2-A6AF-616FA1815137}.Release|x86.ActiveCfg = Release|Any CPU
		{5A4521D3-9D0D-4BF2-A6AF-616FA1815137}.Release|x86.Build.0 = Release|Any CPU
		{3719910A-DF09-4BCF-81CE-9D5AAE996FDB}.Debug|Any CPU.ActiveCfg = Debug|Any CPU
		{3719910A-DF09-4BCF-81CE-9D5AAE996FDB}.Debug|Any CPU.Build.0 = Debug|Any CPU
		{3719910A-DF09-4BCF-81CE-9D5AAE996FDB}.Debug|x64.ActiveCfg = Debug|Any CPU
		{3719910A-DF09-4BCF-81CE-9D5AAE996FDB}.Debug|x64.Build.0 = Debug|Any CPU
		{3719910A-DF09-4BCF-81CE-9D5AAE996FDB}.Debug|x86.ActiveCfg = Debug|Any CPU
		{3719910A-DF09-4BCF-81CE-9D5AAE996FDB}.Debug|x86.Build.0 = Debug|Any CPU
		{3719910A-DF09-4BCF-81CE-9D5AAE996FDB}.Release|Any CPU.ActiveCfg = Release|Any CPU
		{3719910A-DF09-4BCF-81CE-9D5AAE996FDB}.Release|Any CPU.Build.0 = Release|Any CPU
		{3719910A-DF09-4BCF-81CE-9D5AAE996FDB}.Release|x64.ActiveCfg = Release|Any CPU
		{3719910A-DF09-4BCF-81CE-9D5AAE996FDB}.Release|x64.Build.0 = Release|Any CPU
		{3719910A-DF09-4BCF-81CE-9D5AAE996FDB}.Release|x86.ActiveCfg = Release|Any CPU
		{3719910A-DF09-4BCF-81CE-9D5AAE996FDB}.Release|x86.Build.0 = Release|Any CPU
	EndGlobalSection
	GlobalSection(SolutionProperties) = preSolution
		HideSolutionNode = FALSE
	EndGlobalSection
	GlobalSection(NestedProjects) = preSolution
		{A110CE11-9465-446D-8F25-06BF96436138} = {5EF5784A-117E-40A3-B06F-1B86356DA065}
		{9B45A6CC-8064-49EA-AF36-6E77E2A895C1} = {F463F9C3-6F69-45F7-8513-4997705FC40F}
		{5AABA705-6BDB-41CA-8E93-76A0DF9A770B} = {1D4647D3-0B50-4EE9-9E45-6FB1B9953809}
		{FB16039E-E5AF-492F-9E12-5B8300363E66} = {F14AD52F-7B88-4398-B1E0-7CC88F5E8CBA}
		{1C85596E-0F49-4624-9DFF-BB548F5A4923} = {F14AD52F-7B88-4398-B1E0-7CC88F5E8CBA}
		{5A4521D3-9D0D-4BF2-A6AF-616FA1815137} = {8C91476F-ED01-480A-8EB7-C584B26D227E}
		{3719910A-DF09-4BCF-81CE-9D5AAE996FDB} = {F463F9C3-6F69-45F7-8513-4997705FC40F}
	EndGlobalSection
	GlobalSection(ExtensibilityGlobals) = postSolution
		SolutionGuid = {0134346D-F0E6-46ED-8425-66F1CC2412AC}
	EndGlobalSection
EndGlobal
